<?xml version="1.0" encoding="utf-8"?>
<Project ToolsVersion="4.0" xmlns="http://schemas.microsoft.com/developer/msbuild/2003">
  <ItemGroup>
    <Filter Include="Source Files">
      <UniqueIdentifier>{4FC737F1-C7A5-4376-A066-2A32D752A2FF}</UniqueIdentifier>
      <Extensions>cpp;c;cc;cxx;def;odl;idl;hpj;bat;asm;asmx</Extensions>
    </Filter>
    <Filter Include="Shaders">
      <UniqueIdentifier>{67DA6AB6-F800-4c08-8B7A-83BB121AAD01}</UniqueIdentifier>
      <Extensions>rc;ico;cur;bmp;dlg;rc2;rct;bin;rgs;gif;jpg;jpeg;jpe;resx;tiff;tif;png;wav;mfcribbon-ms</Extensions>
    </Filter>
    <Filter Include="libs">
      <UniqueIdentifier>{b2073352-2e15-4d6d-9ad3-c8337edcbe92}</UniqueIdentifier>
    </Filter>
    <Filter Include="libs\Dear Imgui">
      <UniqueIdentifier>{93995380-89BD-4b04-88EB-625FBE52EBFB}</UniqueIdentifier>
      <Extensions>h;hh;hpp;hxx;hm;inl;inc;xsd</Extensions>
    </Filter>
    <Filter Include="VR Tools">
      <UniqueIdentifier>{2ef9290d-886e-4559-876b-2d0fcb12175f}</UniqueIdentifier>
    </Filter>
  </ItemGroup>
  <ItemGroup>
    <ClCompile Include="main.cpp">
      <Filter>Source Files</Filter>
    </ClCompile>
    <ClCompile Include="window.cpp">
      <Filter>Source Files</Filter>
    </ClCompile>
    <ClCompile Include="shader_program.cpp">
      <Filter>Source Files</Filter>
    </ClCompile>
    <ClCompile Include="vr_system.cpp">
      <Filter>Source Files</Filter>
    </ClCompile>
    <ClCompile Include="controller.cpp">
      <Filter>Source Files</Filter>
    </ClCompile>
    <ClCompile Include="helpers.cpp">
      <Filter>Source Files</Filter>
    </ClCompile>
    <ClCompile Include="scene.cpp">
      <Filter>Source Files</Filter>
    </ClCompile>
    <ClCompile Include="point_cloud.cpp">
      <Filter>Source Files</Filter>
    </ClCompile>
    <ClCompile Include="ply_loader.cpp">
      <Filter>Source Files</Filter>
    </ClCompile>
    <ClCompile Include="imgui\imgui.cpp">
      <Filter>libs\Dear Imgui</Filter>
    </ClCompile>
    <ClCompile Include="imgui\imgui_demo.cpp">
      <Filter>libs\Dear Imgui</Filter>
    </ClCompile>
    <ClCompile Include="imgui\imgui_draw.cpp">
      <Filter>libs\Dear Imgui</Filter>
    </ClCompile>
    <ClCompile Include="move_tool.cpp">
      <Filter>VR Tools</Filter>
    </ClCompile>
    <ClCompile Include="tool.cpp">
      <Filter>VR Tools</Filter>
    </ClCompile>
    <ClCompile Include="point_light_tool.cpp">
      <Filter>VR Tools</Filter>
    </ClCompile>
    <ClCompile Include="pointer_tool.cpp">
      <Filter>VR Tools</Filter>
    </ClCompile>
  </ItemGroup>
  <ItemGroup>
    <ClInclude Include="window.h">
      <Filter>Source Files</Filter>
    </ClInclude>
    <ClInclude Include="shader_program.h">
      <Filter>Source Files</Filter>
    </ClInclude>
    <ClInclude Include="vr_system.h">
      <Filter>Source Files</Filter>
    </ClInclude>
    <ClInclude Include="controller.h">
      <Filter>Source Files</Filter>
    </ClInclude>
    <ClInclude Include="helpers.h">
      <Filter>Source Files</Filter>
    </ClInclude>
    <ClInclude Include="scene.h">
      <Filter>Source Files</Filter>
    </ClInclude>
    <ClInclude Include="point_cloud.h">
      <Filter>Source Files</Filter>
    </ClInclude>
    <ClInclude Include="ply_loader.h">
      <Filter>Source Files</Filter>
    </ClInclude>
    <ClInclude Include="imgui\imgui.h">
      <Filter>libs\Dear Imgui</Filter>
    </ClInclude>
    <ClInclude Include="imgui\imgui_internal.h">
      <Filter>libs\Dear Imgui</Filter>
    </ClInclude>
    <ClInclude Include="imgui\stb_rect_pack.h">
      <Filter>libs\Dear Imgui</Filter>
    </ClInclude>
    <ClInclude Include="imgui\stb_textedit.h">
      <Filter>libs\Dear Imgui</Filter>
    </ClInclude>
    <ClInclude Include="imgui\stb_truetype.h">
      <Filter>libs\Dear Imgui</Filter>
    </ClInclude>
    <ClInclude Include="imgui\imconfig.h">
      <Filter>libs\Dear Imgui</Filter>
    </ClInclude>
    <ClInclude Include="move_tool.h">
      <Filter>VR Tools</Filter>
    </ClInclude>
    <ClInclude Include="tool.h">
      <Filter>VR Tools</Filter>
    </ClInclude>
    <ClInclude Include="point_light_tool.h">
      <Filter>VR Tools</Filter>
    </ClInclude>
    <ClInclude Include="pointer_tool.h">
      <Filter>VR Tools</Filter>
    </ClInclude>
  </ItemGroup>
  <ItemGroup>
    <None Include="shaders\window_shader_fs.glsl">
      <Filter>Shaders</Filter>
    </None>
    <None Include="shaders\window_shader_vs.glsl">
      <Filter>Shaders</Filter>
    </None>
    <None Include="shaders\colour_shader_vs.glsl">
      <Filter>Shaders</Filter>
    </None>
    <None Include="shaders\colour_shader_fs.glsl">
      <Filter>Shaders</Filter>
    </None>
    <None Include="imgui\imgui_sdl2.inl">
      <Filter>libs\Dear Imgui</Filter>
    </None>
    <None Include="shaders\render_model_shader_fs.glsl">
      <Filter>Shaders</Filter>
    </None>
    <None Include="shaders\render_model_shader_vs.glsl">
      <Filter>Shaders</Filter>
    </None>
    <None Include="shaders\point_light_shader_vs.glsl">
      <Filter>Shaders</Filter>
    </None>
    <None Include="shaders\point_light_shader_fs.glsl">
      <Filter>Shaders</Filter>
    </None>
  </ItemGroup>
</Project>